
Microsoft Visual Studio Solution File, Format Version 12.00
# Visual Studio Version 17
VisualStudioVersion = 17.0.31903.59
MinimumVisualStudioVersion = 10.0.40219.1
Project("{2150E333-8FDC-42A3-9474-1A3956D46DE8}") = "shared", "shared", "{55435946-338C-47F1-B0F5-4AFDF047E3CC}"
EndProject
Project("{FAE04EC0-301F-11D3-BF4B-00C04F79EFBC}") = "SmartNest.Shared", "shared\SmartNest.Shared\SmartNest.Shared.csproj", "{F587D2F7-6D79-4C78-B697-96E9E15C71E5}"
EndProject
Project("{FAE04EC0-301F-11D3-BF4B-00C04F79EFBC}") = "SmartNest.Shared.Tests", "shared\SmartNest.Shared.Tests\SmartNest.Shared.Tests.csproj", "{1B4FBBDE-9A84-44EC-A46E-70958FEA2171}"
EndProject
Project("{2150E333-8FDC-42A3-9474-1A3956D46DE8}") = "home-service", "home-service", "{DF3347E1-72A9-46A3-9693-D10E474AC54D}"
EndProject
Project("{FAE04EC0-301F-11D3-BF4B-00C04F79EFBC}") = "SmartNest.HomeService", "home-service\SmartNest.HomeService\SmartNest.HomeService.csproj", "{6C211ADF-001D-43CE-9D26-5832EAE93C2C}"
EndProject
Project("{FAE04EC0-301F-11D3-BF4B-00C04F79EFBC}") = "SmartNest.HomeService.Tests", "home-service\SmartNest.HomeService.Tests\SmartNest.HomeService.Tests.csproj", "{3225DF43-4499-4F97-83B9-D4874E56A3D2}"
EndProject
Global
	GlobalSection(SolutionConfigurationPlatforms) = preSolution
		Debug|Any CPU = Debug|Any CPU
		Release|Any CPU = Release|Any CPU
	EndGlobalSection
	GlobalSection(SolutionProperties) = preSolution
		HideSolutionNode = FALSE
	EndGlobalSection
	GlobalSection(ProjectConfigurationPlatforms) = postSolution
		{F587D2F7-6D79-4C78-B697-96E9E15C71E5}.Debug|Any CPU.ActiveCfg = Debug|Any CPU
		{F587D2F7-6D79-4C78-B697-96E9E15C71E5}.Debug|Any CPU.Build.0 = Debug|Any CPU
		{F587D2F7-6D79-4C78-B697-96E9E15C71E5}.Release|Any CPU.ActiveCfg = Release|Any CPU
		{F587D2F7-6D79-4C78-B697-96E9E15C71E5}.Release|Any CPU.Build.0 = Release|Any CPU
		{1B4FBBDE-9A84-44EC-A46E-70958FEA2171}.Debug|Any CPU.ActiveCfg = Debug|Any CPU
		{1B4FBBDE-9A84-44EC-A46E-70958FEA2171}.Debug|Any CPU.Build.0 = Debug|Any CPU
		{1B4FBBDE-9A84-44EC-A46E-70958FEA2171}.Release|Any CPU.ActiveCfg = Release|Any CPU
		{1B4FBBDE-9A84-44EC-A46E-70958FEA2171}.Release|Any CPU.Build.0 = Release|Any CPU
		{6C211ADF-001D-43CE-9D26-5832EAE93C2C}.Debug|Any CPU.ActiveCfg = Debug|Any CPU
		{6C211ADF-001D-43CE-9D26-5832EAE93C2C}.Debug|Any CPU.Build.0 = Debug|Any CPU
		{6C211ADF-001D-43CE-9D26-5832EAE93C2C}.Release|Any CPU.ActiveCfg = Release|Any CPU
		{6C211ADF-001D-43CE-9D26-5832EAE93C2C}.Release|Any CPU.Build.0 = Release|Any CPU
		{3225DF43-4499-4F97-83B9-D4874E56A3D2}.Debug|Any CPU.ActiveCfg = Debug|Any CPU
		{3225DF43-4499-4F97-83B9-D4874E56A3D2}.Debug|Any CPU.Build.0 = Debug|Any CPU
		{3225DF43-4499-4F97-83B9-D4874E56A3D2}.Release|Any CPU.ActiveCfg = Release|Any CPU
		{3225DF43-4499-4F97-83B9-D4874E56A3D2}.Release|Any CPU.Build.0 = Release|Any CPU
	EndGlobalSection
	GlobalSection(NestedProjects) = preSolution
		{F587D2F7-6D79-4C78-B697-96E9E15C71E5} = {55435946-338C-47F1-B0F5-4AFDF047E3CC}
		{1B4FBBDE-9A84-44EC-A46E-70958FEA2171} = {55435946-338C-47F1-B0F5-4AFDF047E3CC}
		{6C211ADF-001D-43CE-9D26-5832EAE93C2C} = {DF3347E1-72A9-46A3-9693-D10E474AC54D}
		{3225DF43-4499-4F97-83B9-D4874E56A3D2} = {DF3347E1-72A9-46A3-9693-D10E474AC54D}
	EndGlobalSection
EndGlobal
