
Microsoft Visual Studio Solution File, Format Version 12.00
# Visual Studio Version 17
VisualStudioVersion = 17.0.31903.59
MinimumVisualStudioVersion = 10.0.40219.1
Project("{2150E333-8FDC-42A3-9474-1A3956D46DE8}") = "shared", "shared", "{55435946-338C-47F1-B0F5-4AFDF047E3CC}"
EndProject
Project("{FAE04EC0-301F-11D3-BF4B-00C04F79EFBC}") = "SmartNest.Shared", "shared\SmartNest.Shared\SmartNest.Shared.csproj", "{F587D2F7-6D79-4C78-B697-96E9E15C71E5}"
EndProject
Project("{FAE04EC0-301F-11D3-BF4B-00C04F79EFBC}") = "SmartNest.Shared.Tests", "shared\SmartNest.Shared.Tests\SmartNest.Shared.Tests.csproj", "{1B4FBBDE-9A84-44EC-A46E-70958FEA2171}"
EndProject
Project("{2150E333-8FDC-42A3-9474-1A3956D46DE8}") = "home-service", "home-service", "{DF3347E1-72A9-46A3-9693-D10E474AC54D}"
EndProject
Project("{FAE04EC0-301F-11D3-BF4B-00C04F79EFBC}") = "SmartNest.HomeService", "home-service\SmartNest.HomeService\SmartNest.HomeService.csproj", "{6C211ADF-001D-43CE-9D26-5832EAE93C2C}"
EndProject
Project("{FAE04EC0-301F-11D3-BF4B-00C04F79EFBC}") = "SmartNest.HomeService.Tests", "home-service\SmartNest.HomeService.Tests\SmartNest.HomeService.Tests.csproj", "{3225DF43-4499-4F97-83B9-D4874E56A3D2}"
EndProject
Project("{2150E333-8FDC-42A3-9474-1A3956D46DE8}") = "device-service", "device-service", "{A1B2C3D4-1111-4A2B-9C3D-4E5F6A7B8C9D}"
EndProject
Project("{FAE04EC0-301F-11D3-BF4B-00C04F79EFBC}") = "SmartNest.DeviceService", "device-service\SmartNest.DeviceService\SmartNest.DeviceService.csproj", "{B2C3D4E5-2222-4B3C-8D4E-5F6A7B8C9D0E}"
EndProject
Project("{FAE04EC0-301F-11D3-BF4B-00C04F79EFBC}") = "SmartNest.DeviceService.Tests", "device-service\SmartNest.DeviceService.Tests\SmartNest.DeviceService.Tests.csproj", "{C3D4E5F6-3333-4C4D-9E5F-6A7B8C9D0E1F}"
EndProject
Project("{2150E333-8FDC-42A3-9474-1A3956D46DE8}") = "identity-service", "identity-service", "{D4E5F6A7-4444-4D5E-9F6A-7B8C9D0E1F2A}"
EndProject
Project("{FAE04EC0-301F-11D3-BF4B-00C04F79EFBC}") = "SmartNest.IdentityService", "identity-service\SmartNest.IdentityService\SmartNest.IdentityService.csproj", "{E5F6A7B8-5555-4E6F-8A7B-8C9D0E1F2A3B}"
EndProject
Project("{FAE04EC0-301F-11D3-BF4B-00C04F79EFBC}") = "SmartNest.IdentityService.Tests", "identity-service\SmartNest.IdentityService.Tests\SmartNest.IdentityService.Tests.csproj", "{F6A7B8C9-6666-4F7A-9B8C-9D0E1F2A3B4C}"
EndProject
Project("{2150E333-8FDC-42A3-9474-1A3956D46DE8}") = "platform-service", "platform-service", "{A7B8C9D0-7777-4A8B-9C0D-1E2F3A4B5C6D}"
EndProject
Project("{FAE04EC0-301F-11D3-BF4B-00C04F79EFBC}") = "SmartNest.PlatformService", "platform-service\SmartNest.PlatformService\SmartNest.PlatformService.csproj", "{B8C9D0E1-8888-4B9C-8D0E-1F2A3B4C5D6E}"
EndProject
Project("{FAE04EC0-301F-11D3-BF4B-00C04F79EFBC}") = "SmartNest.PlatformService.Tests", "platform-service\SmartNest.PlatformService.Tests\SmartNest.PlatformService.Tests.csproj", "{C9D0E1F2-9999-4C9D-9E0F-2A3B4C5D6E7F}"
EndProject
Global
	GlobalSection(SolutionConfigurationPlatforms) = preSolution
		Debug|Any CPU = Debug|Any CPU
		Release|Any CPU = Release|Any CPU
	EndGlobalSection
	GlobalSection(SolutionProperties) = preSolution
		HideSolutionNode = FALSE
	EndGlobalSection
	GlobalSection(ProjectConfigurationPlatforms) = postSolution
		{F587D2F7-6D79-4C78-B697-96E9E15C71E5}.Debug|Any CPU.ActiveCfg = Debug|Any CPU
		{F587D2F7-6D79-4C78-B697-96E9E15C71E5}.Debug|Any CPU.Build.0 = Debug|Any CPU
		{F587D2F7-6D79-4C78-B697-96E9E15C71E5}.Release|Any CPU.ActiveCfg = Release|Any CPU
		{F587D2F7-6D79-4C78-B697-96E9E15C71E5}.Release|Any CPU.Build.0 = Release|Any CPU
		{1B4FBBDE-9A84-44EC-A46E-70958FEA2171}.Debug|Any CPU.ActiveCfg = Debug|Any CPU
		{1B4FBBDE-9A84-44EC-A46E-70958FEA2171}.Debug|Any CPU.Build.0 = Debug|Any CPU
		{1B4FBBDE-9A84-44EC-A46E-70958FEA2171}.Release|Any CPU.ActiveCfg = Release|Any CPU
		{1B4FBBDE-9A84-44EC-A46E-70958FEA2171}.Release|Any CPU.Build.0 = Release|Any CPU
		{6C211ADF-001D-43CE-9D26-5832EAE93C2C}.Debug|Any CPU.ActiveCfg = Debug|Any CPU
		{6C211ADF-001D-43CE-9D26-5832EAE93C2C}.Debug|Any CPU.Build.0 = Debug|Any CPU
		{6C211ADF-001D-43CE-9D26-5832EAE93C2C}.Release|Any CPU.ActiveCfg = Release|Any CPU
		{6C211ADF-001D-43CE-9D26-5832EAE93C2C}.Release|Any CPU.Build.0 = Release|Any CPU
		{3225DF43-4499-4F97-83B9-D4874E56A3D2}.Debug|Any CPU.ActiveCfg = Debug|Any CPU
		{3225DF43-4499-4F97-83B9-D4874E56A3D2}.Debug|Any CPU.Build.0 = Debug|Any CPU
		{3225DF43-4499-4F97-83B9-D4874E56A3D2}.Release|Any CPU.ActiveCfg = Release|Any CPU
		{3225DF43-4499-4F97-83B9-D4874E56A3D2}.Release|Any CPU.Build.0 = Release|Any CPU
		{B2C3D4E5-2222-4B3C-8D4E-5F6A7B8C9D0E}.Debug|Any CPU.ActiveCfg = Debug|Any CPU
		{B2C3D4E5-2222-4B3C-8D4E-5F6A7B8C9D0E}.Debug|Any CPU.Build.0 = Debug|Any CPU
		{B2C3D4E5-2222-4B3C-8D4E-5F6A7B8C9D0E}.Release|Any CPU.ActiveCfg = Release|Any CPU
		{B2C3D4E5-2222-4B3C-8D4E-5F6A7B8C9D0E}.Release|Any CPU.Build.0 = Release|Any CPU
		{C3D4E5F6-3333-4C4D-9E5F-6A7B8C9D0E1F}.Debug|Any CPU.ActiveCfg = Debug|Any CPU
		{C3D4E5F6-3333-4C4D-9E5F-6A7B8C9D0E1F}.Debug|Any CPU.Build.0 = Debug|Any CPU
		{C3D4E5F6-3333-4C4D-9E5F-6A7B8C9D0E1F}.Release|Any CPU.ActiveCfg = Release|Any CPU
		{C3D4E5F6-3333-4C4D-9E5F-6A7B8C9D0E1F}.Release|Any CPU.Build.0 = Release|Any CPU
		{E5F6A7B8-5555-4E6F-8A7B-8C9D0E1F2A3B}.Debug|Any CPU.ActiveCfg = Debug|Any CPU
		{E5F6A7B8-5555-4E6F-8A7B-8C9D0E1F2A3B}.Debug|Any CPU.Build.0 = Debug|Any CPU
		{E5F6A7B8-5555-4E6F-8A7B-8C9D0E1F2A3B}.Release|Any CPU.ActiveCfg = Release|Any CPU
		{E5F6A7B8-5555-4E6F-8A7B-8C9D0E1F2A3B}.Release|Any CPU.Build.0 = Release|Any CPU
		{F6A7B8C9-6666-4F7A-9B8C-9D0E1F2A3B4C}.Debug|Any CPU.ActiveCfg = Debug|Any CPU
		{F6A7B8C9-6666-4F7A-9B8C-9D0E1F2A3B4C}.Debug|Any CPU.Build.0 = Debug|Any CPU
		{F6A7B8C9-6666-4F7A-9B8C-9D0E1F2A3B4C}.Release|Any CPU.ActiveCfg = Release|Any CPU
		{F6A7B8C9-6666-4F7A-9B8C-9D0E1F2A3B4C}.Release|Any CPU.Build.0 = Release|Any CPU
		{B8C9D0E1-8888-4B9C-8D0E-1F2A3B4C5D6E}.Debug|Any CPU.ActiveCfg = Debug|Any CPU
		{B8C9D0E1-8888-4B9C-8D0E-1F2A3B4C5D6E}.Debug|Any CPU.Build.0 = Debug|Any CPU
		{B8C9D0E1-8888-4B9C-8D0E-1F2A3B4C5D6E}.Release|Any CPU.ActiveCfg = Release|Any CPU
		{B8C9D0E1-8888-4B9C-8D0E-1F2A3B4C5D6E}.Release|Any CPU.Build.0 = Release|Any CPU
		{C9D0E1F2-9999-4C9D-9E0F-2A3B4C5D6E7F}.Debug|Any CPU.ActiveCfg = Debug|Any CPU
		{C9D0E1F2-9999-4C9D-9E0F-2A3B4C5D6E7F}.Debug|Any CPU.Build.0 = Debug|Any CPU
		{C9D0E1F2-9999-4C9D-9E0F-2A3B4C5D6E7F}.Release|Any CPU.ActiveCfg = Release|Any CPU
		{C9D0E1F2-9999-4C9D-9E0F-2A3B4C5D6E7F}.Release|Any CPU.Build.0 = Release|Any CPU
	EndGlobalSection
	GlobalSection(NestedProjects) = preSolution
		{F587D2F7-6D79-4C78-B697-96E9E15C71E5} = {55435946-338C-47F1-B0F5-4AFDF047E3CC}
		{1B4FBBDE-9A84-44EC-A46E-70958FEA2171} = {55435946-338C-47F1-B0F5-4AFDF047E3CC}
		{6C211ADF-001D-43CE-9D26-5832EAE93C2C} = {DF3347E1-72A9-46A3-9693-D10E474AC54D}
		{3225DF43-4499-4F97-83B9-D4874E56A3D2} = {DF3347E1-72A9-46A3-9693-D10E474AC54D}
		{B2C3D4E5-2222-4B3C-8D4E-5F6A7B8C9D0E} = {A1B2C3D4-1111-4A2B-9C3D-4E5F6A7B8C9D}
		{C3D4E5F6-3333-4C4D-9E5F-6A7B8C9D0E1F} = {A1B2C3D4-1111-4A2B-9C3D-4E5F6A7B8C9D}
		{E5F6A7B8-5555-4E6F-8A7B-8C9D0E1F2A3B} = {D4E5F6A7-4444-4D5E-9F6A-7B8C9D0E1F2A}
		{F6A7B8C9-6666-4F7A-9B8C-9D0E1F2A3B4C} = {D4E5F6A7-4444-4D5E-9F6A-7B8C9D0E1F2A}
		{B8C9D0E1-8888-4B9C-8D0E-1F2A3B4C5D6E} = {A7B8C9D0-7777-4A8B-9C0D-1E2F3A4B5C6D}
		{C9D0E1F2-9999-4C9D-9E0F-2A3B4C5D6E7F} = {A7B8C9D0-7777-4A8B-9C0D-1E2F3A4B5C6D}
	EndGlobalSection
EndGlobal
